
Microsoft Visual Studio Solution File, Format Version 12.00
# Visual Studio Version 17
VisualStudioVersion = 17.4.33205.214
MinimumVisualStudioVersion = 10.0.40219.1
Project("{9A19103F-16F7-4668-BE54-9A1E7A4F7556}") = "AWS_POCofServices_Learnt", "AWS_POCofServices_Learnt.csproj", "{9F29B91D-5DC9-451B-8294-A7B748E86B69}"
EndProject
Global
	GlobalSection(SolutionConfigurationPlatforms) = preSolution
		Debug|Any CPU = Debug|Any CPU
		Release|Any CPU = Release|Any CPU
	EndGlobalSection
	GlobalSection(ProjectConfigurationPlatforms) = postSolution
		{9F29B91D-5DC9-451B-8294-A7B748E86B69}.Debug|Any CPU.ActiveCfg = Debug|Any CPU
		{9F29B91D-5DC9-451B-8294-A7B748E86B69}.Debug|Any CPU.Build.0 = Debug|Any CPU
		{9F29B91D-5DC9-451B-8294-A7B748E86B69}.Release|Any CPU.ActiveCfg = Release|Any CPU
		{9F29B91D-5DC9-451B-8294-A7B748E86B69}.Release|Any CPU.Build.0 = Release|Any CPU
	EndGlobalSection
	GlobalSection(SolutionProperties) = preSolution
		HideSolutionNode = FALSE
	EndGlobalSection
	GlobalSection(ExtensibilityGlobals) = postSolution
		SolutionGuid = {730091C1-E34C-43CC-B0EC-01BCF96A2F59}
	EndGlobalSection
EndGlobal
